
Microsoft Visual Studio Solution File, Format Version 12.00
# Visual Studio Version 17
VisualStudioVersion = 17.13.35931.197 d17.13
MinimumVisualStudioVersion = 10.0.40219.1
Project("{FAE04EC0-301F-11D3-BF4B-00C04F79EFBC}") = "CRUDMigrationMVC", "CRUDMigrationMVC\CRUDMigrationMVC.csproj", "{8A31F016-CF4F-47C5-8ADD-476F06E45DED}"
EndProject
Global
	GlobalSection(SolutionConfigurationPlatforms) = preSolution
		Debug|Any CPU = Debug|Any CPU
		Release|Any CPU = Release|Any CPU
	EndGlobalSection
	GlobalSection(ProjectConfigurationPlatforms) = postSolution
		{8A31F016-CF4F-47C5-8ADD-476F06E45DED}.Debug|Any CPU.ActiveCfg = Debug|Any CPU
		{8A31F016-CF4F-47C5-8ADD-476F06E45DED}.Debug|Any CPU.Build.0 = Debug|Any CPU
		{8A31F016-CF4F-47C5-8ADD-476F06E45DED}.Release|Any CPU.ActiveCfg = Release|Any CPU
		{8A31F016-CF4F-47C5-8ADD-476F06E45DED}.Release|Any CPU.Build.0 = Release|Any CPU
	EndGlobalSection
	GlobalSection(SolutionProperties) = preSolution
		HideSolutionNode = FALSE
	EndGlobalSection
	GlobalSection(ExtensibilityGlobals) = postSolution
		SolutionGuid = {5EB8DEA5-9735-48AC-82DE-BB2EBB547123}
	EndGlobalSection
EndGlobal
